
Microsoft Visual Studio Solution File, Format Version 12.00
# Visual Studio Version 16
VisualStudioVersion = 16.0.31410.357
MinimumVisualStudioVersion = 10.0.40219.1
Project("{9A19103F-16F7-4668-BE54-9A1E7A4F7556}") = "TesTool", "src\TesTool\TesTool.csproj", "{584B75B7-4208-4627-AF4E-25A4580772E9}"
EndProject
Global
	GlobalSection(SolutionConfigurationPlatforms) = preSolution
		Debug|Any CPU = Debug|Any CPU
		Release|Any CPU = Release|Any CPU
	EndGlobalSection
	GlobalSection(ProjectConfigurationPlatforms) = postSolution
		{584B75B7-4208-4627-AF4E-25A4580772E9}.Debug|Any CPU.ActiveCfg = Debug|Any CPU
		{584B75B7-4208-4627-AF4E-25A4580772E9}.Debug|Any CPU.Build.0 = Debug|Any CPU
		{584B75B7-4208-4627-AF4E-25A4580772E9}.Release|Any CPU.ActiveCfg = Release|Any CPU
		{584B75B7-4208-4627-AF4E-25A4580772E9}.Release|Any CPU.Build.0 = Release|Any CPU
	EndGlobalSection
	GlobalSection(SolutionProperties) = preSolution
		HideSolutionNode = FALSE
	EndGlobalSection
	GlobalSection(ExtensibilityGlobals) = postSolution
		SolutionGuid = {9286861B-0420-4382-B594-D880C8F3999F}
	EndGlobalSection
EndGlobal
